
Microsoft Visual Studio Solution File, Format Version 12.00
# Visual Studio Version 16
VisualStudioVersion = 16.0.29709.97
MinimumVisualStudioVersion = 10.0.40219.1
Project("{FAE04EC0-301F-11D3-BF4B-00C04F79EFBC}") = "StardewValley", "StardewValley\StardewValley.csproj", "{7DF3B0EE-8990-4F95-8D13-0C085BC00607}"
EndProject
Global
	GlobalSection(SolutionConfigurationPlatforms) = preSolution
		Debug|Any CPU = Debug|Any CPU
		Release|Any CPU = Release|Any CPU
	EndGlobalSection
	GlobalSection(ProjectConfigurationPlatforms) = postSolution
		{7DF3B0EE-8990-4F95-8D13-0C085BC00607}.Debug|Any CPU.ActiveCfg = Debug|Any CPU
		{7DF3B0EE-8990-4F95-8D13-0C085BC00607}.Debug|Any CPU.Build.0 = Debug|Any CPU
		{7DF3B0EE-8990-4F95-8D13-0C085BC00607}.Release|Any CPU.ActiveCfg = Release|Any CPU
		{7DF3B0EE-8990-4F95-8D13-0C085BC00607}.Release|Any CPU.Build.0 = Release|Any CPU
	EndGlobalSection
	GlobalSection(SolutionProperties) = preSolution
		HideSolutionNode = FALSE
	EndGlobalSection
	GlobalSection(ExtensibilityGlobals) = postSolution
		SolutionGuid = {EB53CC7B-A58C-4DC4-BCE1-5F4C5DBA87DE}
	EndGlobalSection
EndGlobal
